// !$*UTF8*$!
{
	archiveVersion = 1;
	classes = {
	};
	objectVersion = 56;
	objects = {

/* Begin PBXBuildFile section */
		321409662A65178500CA9394 /* AppDelegate.swift in Sources */ = {isa = PBXBuildFile; fileRef = 321409652A65178500CA9394 /* AppDelegate.swift */; };
		321409682A65178500CA9394 /* SceneDelegate.swift in Sources */ = {isa = PBXBuildFile; fileRef = 321409672A65178500CA9394 /* SceneDelegate.swift */; };
		3214096A2A65178500CA9394 /* ViewController.swift in Sources */ = {isa = PBXBuildFile; fileRef = 321409692A65178500CA9394 /* ViewController.swift */; };
		3214096D2A65178600CA9394 /* Main.storyboard in Resources */ = {isa = PBXBuildFile; fileRef = 3214096B2A65178600CA9394 /* Main.storyboard */; };
		3214096F2A65178700CA9394 /* Assets.xcassets in Resources */ = {isa = PBXBuildFile; fileRef = 3214096E2A65178700CA9394 /* Assets.xcassets */; };
		321409722A65178700CA9394 /* LaunchScreen.storyboard in Resources */ = {isa = PBXBuildFile; fileRef = 321409702A65178700CA9394 /* LaunchScreen.storyboard */; };
		3214097D2A65178700CA9394 /* SkeletoniOSTests.swift in Sources */ = {isa = PBXBuildFile; fileRef = 3214097C2A65178700CA9394 /* SkeletoniOSTests.swift */; };
		321409872A65178700CA9394 /* SkeletoniOSUITests.swift in Sources */ = {isa = PBXBuildFile; fileRef = 321409862A65178700CA9394 /* SkeletoniOSUITests.swift */; };
		321409892A65178700CA9394 /* SkeletoniOSUITestsLaunchTests.swift in Sources */ = {isa = PBXBuildFile; fileRef = 321409882A65178700CA9394 /* SkeletoniOSUITestsLaunchTests.swift */; };
/* End PBXBuildFile section */

/* Begin PBXContainerItemProxy section */
		321409792A65178700CA9394 /* PBXContainerItemProxy */ = {
			isa = PBXContainerItemProxy;
			containerPortal = 3214095A2A65178500CA9394 /* Project object */;
			proxyType = 1;
			remoteGlobalIDString = 321409612A65178500CA9394;
			remoteInfo = SkeletoniOS;
		};
		321409832A65178700CA9394 /* PBXContainerItemProxy */ = {
			isa = PBXContainerItemProxy;
			containerPortal = 3214095A2A65178500CA9394 /* Project object */;
			proxyType = 1;
			remoteGlobalIDString = 321409612A65178500CA9394;
			remoteInfo = SkeletoniOS;
		};
/* End PBXContainerItemProxy section */

/* Begin PBXFileReference section */
		321409622A65178500CA9394 /* SkeletoniOS.app */ = {isa = PBXFileReference; explicitFileType = wrapper.application; includeInIndex = 0; path = SkeletoniOS.app; sourceTree = BUILT_PRODUCTS_DIR; };
		321409652A65178500CA9394 /* AppDelegate.swift */ = {isa = PBXFileReference; lastKnownFileType = sourcecode.swift; path = AppDelegate.swift; sourceTree = "<group>"; };
		321409672A65178500CA9394 /* SceneDelegate.swift */ = {isa = PBXFileReference; lastKnownFileType = sourcecode.swift; path = SceneDelegate.swift; sourceTree = "<group>"; };
		321409692A65178500CA9394 /* ViewController.swift */ = {isa = PBXFileReference; lastKnownFileType = sourcecode.swift; path = ViewController.swift; sourceTree = "<group>"; };
		3214096C2A65178600CA9394 /* Base */ = {isa = PBXFileReference; lastKnownFileType = file.storyboard; name = Base; path = Base.lproj/Main.storyboard; sourceTree = "<group>"; };
		3214096E2A65178700CA9394 /* Assets.xcassets */ = {isa = PBXFileReference; lastKnownFileType = folder.assetcatalog; path = Assets.xcassets; sourceTree = "<group>"; };
		321409712A65178700CA9394 /* Base */ = {isa = PBXFileReference; lastKnownFileType = file.storyboard; name = Base; path = Base.lproj/LaunchScreen.storyboard; sourceTree = "<group>"; };
		321409732A65178700CA9394 /* Info.plist */ = {isa = PBXFileReference; lastKnownFileType = text.plist.xml; path = Info.plist; sourceTree = "<group>"; };
		321409782A65178700CA9394 /* SkeletoniOSTests.xctest */ = {isa = PBXFileReference; explicitFileType = wrapper.cfbundle; includeInIndex = 0; path = SkeletoniOSTests.xctest; sourceTree = BUILT_PRODUCTS_DIR; };
		3214097C2A65178700CA9394 /* SkeletoniOSTests.swift */ = {isa = PBXFileReference; lastKnownFileType = sourcecode.swift; path = SkeletoniOSTests.swift; sourceTree = "<group>"; };
		321409822A65178700CA9394 /* SkeletoniOSUITests.xctest */ = {isa = PBXFileReference; explicitFileType = wrapper.cfbundle; includeInIndex = 0; path = SkeletoniOSUITests.xctest; sourceTree = BUILT_PRODUCTS_DIR; };
		321409862A65178700CA9394 /* SkeletoniOSUITests.swift */ = {isa = PBXFileReference; lastKnownFileType = sourcecode.swift; path = SkeletoniOSUITests.swift; sourceTree = "<group>"; };
		321409882A65178700CA9394 /* SkeletoniOSUITestsLaunchTests.swift */ = {isa = PBXFileReference; lastKnownFileType = sourcecode.swift; path = SkeletoniOSUITestsLaunchTests.swift; sourceTree = "<group>"; };
/* End PBXFileReference section */

/* Begin PBXFrameworksBuildPhase section */
		3214095F2A65178500CA9394 /* Frameworks */ = {
			isa = PBXFrameworksBuildPhase;
			buildActionMask = 2147483647;
			files = (
			);
			runOnlyForDeploymentPostprocessing = 0;
		};
		321409752A65178700CA9394 /* Frameworks */ = {
			isa = PBXFrameworksBuildPhase;
			buildActionMask = 2147483647;
			files = (
			);
			runOnlyForDeploymentPostprocessing = 0;
		};
		3214097F2A65178700CA9394 /* Frameworks */ = {
			isa = PBXFrameworksBuildPhase;
			buildActionMask = 2147483647;
			files = (
			);
			runOnlyForDeploymentPostprocessing = 0;
		};
/* End PBXFrameworksBuildPhase section */

/* Begin PBXGroup section */
		321409592A65178500CA9394 = {
			isa = PBXGroup;
			children = (
				321409642A65178500CA9394 /* SkeletoniOS */,
				3214097B2A65178700CA9394 /* SkeletoniOSTests */,
				321409852A65178700CA9394 /* SkeletoniOSUITests */,
				321409632A65178500CA9394 /* Products */,
			);
			sourceTree = "<group>";
		};
		321409632A65178500CA9394 /* Products */ = {
			isa = PBXGroup;
			children = (
				321409622A65178500CA9394 /* SkeletoniOS.app */,
				321409782A65178700CA9394 /* SkeletoniOSTests.xctest */,
				321409822A65178700CA9394 /* SkeletoniOSUITests.xctest */,
			);
			name = Products;
			sourceTree = "<group>";
		};
		321409642A65178500CA9394 /* SkeletoniOS */ = {
			isa = PBXGroup;
			children = (
				321409652A65178500CA9394 /* AppDelegate.swift */,
				321409672A65178500CA9394 /* SceneDelegate.swift */,
				321409692A65178500CA9394 /* ViewController.swift */,
				3214096B2A65178600CA9394 /* Main.storyboard */,
				3214096E2A65178700CA9394 /* Assets.xcassets */,
				321409702A65178700CA9394 /* LaunchScreen.storyboard */,
				321409732A65178700CA9394 /* Info.plist */,
			);
			path = SkeletoniOS;
			sourceTree = "<group>";
		};
		3214097B2A65178700CA9394 /* SkeletoniOSTests */ = {
			isa = PBXGroup;
			children = (
				3214097C2A65178700CA9394 /* SkeletoniOSTests.swift */,
			);
			path = SkeletoniOSTests;
			sourceTree = "<group>";
		};
		321409852A65178700CA9394 /* SkeletoniOSUITests */ = {
			isa = PBXGroup;
			children = (
				321409862A65178700CA9394 /* SkeletoniOSUITests.swift */,
				321409882A65178700CA9394 /* SkeletoniOSUITestsLaunchTests.swift */,
			);
			path = SkeletoniOSUITests;
			sourceTree = "<group>";
		};
/* End PBXGroup section */

/* Begin PBXNativeTarget section */
		321409612A65178500CA9394 /* SkeletoniOS */ = {
			isa = PBXNativeTarget;
			buildConfigurationList = 3214098C2A65178700CA9394 /* Build configuration list for PBXNativeTarget "SkeletoniOS" */;
			buildPhases = (
				3214095E2A65178500CA9394 /* Sources */,
				3214095F2A65178500CA9394 /* Frameworks */,
				321409602A65178500CA9394 /* Resources */,
			);
			buildRules = (
			);
			dependencies = (
			);
			name = SkeletoniOS;
			productName = SkeletoniOS;
			productReference = 321409622A65178500CA9394 /* SkeletoniOS.app */;
			productType = "com.apple.product-type.application";
		};
		321409772A65178700CA9394 /* SkeletoniOSTests */ = {
			isa = PBXNativeTarget;
			buildConfigurationList = 3214098F2A65178700CA9394 /* Build configuration list for PBXNativeTarget "SkeletoniOSTests" */;
			buildPhases = (
				321409742A65178700CA9394 /* Sources */,
				321409752A65178700CA9394 /* Frameworks */,
				321409762A65178700CA9394 /* Resources */,
			);
			buildRules = (
			);
			dependencies = (
				3214097A2A65178700CA9394 /* PBXTargetDependency */,
			);
			name = SkeletoniOSTests;
			productName = SkeletoniOSTests;
			productReference = 321409782A65178700CA9394 /* SkeletoniOSTests.xctest */;
			productType = "com.apple.product-type.bundle.unit-test";
		};
		321409812A65178700CA9394 /* SkeletoniOSUITests */ = {
			isa = PBXNativeTarget;
			buildConfigurationList = 321409922A65178700CA9394 /* Build configuration list for PBXNativeTarget "SkeletoniOSUITests" */;
			buildPhases = (
				3214097E2A65178700CA9394 /* Sources */,
				3214097F2A65178700CA9394 /* Frameworks */,
				321409802A65178700CA9394 /* Resources */,
			);
			buildRules = (
			);
			dependencies = (
				321409842A65178700CA9394 /* PBXTargetDependency */,
			);
			name = SkeletoniOSUITests;
			productName = SkeletoniOSUITests;
			productReference = 321409822A65178700CA9394 /* SkeletoniOSUITests.xctest */;
			productType = "com.apple.product-type.bundle.ui-testing";
		};
/* End PBXNativeTarget section */

/* Begin PBXProject section */
		3214095A2A65178500CA9394 /* Project object */ = {
			isa = PBXProject;
			attributes = {
				BuildIndependentTargetsInParallel = 1;
				LastSwiftUpdateCheck = 1430;
				LastUpgradeCheck = 1430;
				TargetAttributes = {
					321409612A65178500CA9394 = {
						CreatedOnToolsVersion = 14.3;
					};
					321409772A65178700CA9394 = {
						CreatedOnToolsVersion = 14.3;
						TestTargetID = 321409612A65178500CA9394;
					};
					321409812A65178700CA9394 = {
						CreatedOnToolsVersion = 14.3;
						TestTargetID = 321409612A65178500CA9394;
					};
				};
			};
			buildConfigurationList = 3214095D2A65178500CA9394 /* Build configuration list for PBXProject "SkeletoniOS" */;
			compatibilityVersion = "Xcode 14.0";
			developmentRegion = en;
			hasScannedForEncodings = 0;
			knownRegions = (
				en,
				Base,
			);
			mainGroup = 321409592A65178500CA9394;
			productRefGroup = 321409632A65178500CA9394 /* Products */;
			projectDirPath = "";
			projectRoot = "";
			targets = (
				321409612A65178500CA9394 /* SkeletoniOS */,
				321409772A65178700CA9394 /* SkeletoniOSTests */,
				321409812A65178700CA9394 /* SkeletoniOSUITests */,
			);
		};
/* End PBXProject section */

/* Begin PBXResourcesBuildPhase section */
		321409602A65178500CA9394 /* Resources */ = {
			isa = PBXResourcesBuildPhase;
			buildActionMask = 2147483647;
			files = (
				321409722A65178700CA9394 /* LaunchScreen.storyboard in Resources */,
				3214096F2A65178700CA9394 /* Assets.xcassets in Resources */,
				3214096D2A65178600CA9394 /* Main.storyboard in Resources */,
			);
			runOnlyForDeploymentPostprocessing = 0;
		};
		321409762A65178700CA9394 /* Resources */ = {
			isa = PBXResourcesBuildPhase;
			buildActionMask = 2147483647;
			files = (
			);
			runOnlyForDeploymentPostprocessing = 0;
		};
		321409802A65178700CA9394 /* Resources */ = {
			isa = PBXResourcesBuildPhase;
			buildActionMask = 2147483647;
			files = (
			);
			runOnlyForDeploymentPostprocessing = 0;
		};
/* End PBXResourcesBuildPhase section */

/* Begin PBXSourcesBuildPhase section */
		3214095E2A65178500CA9394 /* Sources */ = {
			isa = PBXSourcesBuildPhase;
			buildActionMask = 2147483647;
			files = (
				3214096A2A65178500CA9394 /* ViewController.swift in Sources */,
				321409662A65178500CA9394 /* AppDelegate.swift in Sources */,
				321409682A65178500CA9394 /* SceneDelegate.swift in Sources */,
			);
			runOnlyForDeploymentPostprocessing = 0;
		};
		321409742A65178700CA9394 /* Sources */ = {
			isa = PBXSourcesBuildPhase;
			buildActionMask = 2147483647;
			files = (
				3214097D2A65178700CA9394 /* SkeletoniOSTests.swift in Sources */,
			);
			runOnlyForDeploymentPostprocessing = 0;
		};
		3214097E2A65178700CA9394 /* Sources */ = {
			isa = PBXSourcesBuildPhase;
			buildActionMask = 2147483647;
			files = (
				321409872A65178700CA9394 /* SkeletoniOSUITests.swift in Sources */,
				321409892A65178700CA9394 /* SkeletoniOSUITestsLaunchTests.swift in Sources */,
			);
			runOnlyForDeploymentPostprocessing = 0;
		};
/* End PBXSourcesBuildPhase section */

/* Begin PBXTargetDependency section */
		3214097A2A65178700CA9394 /* PBXTargetDependency */ = {
			isa = PBXTargetDependency;
			target = 321409612A65178500CA9394 /* SkeletoniOS */;
			targetProxy = 321409792A65178700CA9394 /* PBXContainerItemProxy */;
		};
		321409842A65178700CA9394 /* PBXTargetDependency */ = {
			isa = PBXTargetDependency;
			target = 321409612A65178500CA9394 /* SkeletoniOS */;
			targetProxy = 321409832A65178700CA9394 /* PBXContainerItemProxy */;
		};
/* End PBXTargetDependency section */

/* Begin PBXVariantGroup section */
		3214096B2A65178600CA9394 /* Main.storyboard */ = {
			isa = PBXVariantGroup;
			children = (
				3214096C2A65178600CA9394 /* Base */,
			);
			name = Main.storyboard;
			sourceTree = "<group>";
		};
		321409702A65178700CA9394 /* LaunchScreen.storyboard */ = {
			isa = PBXVariantGroup;
			children = (
				321409712A65178700CA9394 /* Base */,
			);
			name = LaunchScreen.storyboard;
			sourceTree = "<group>";
		};
/* End PBXVariantGroup section */

/* Begin XCBuildConfiguration section */
		3214098A2A65178700CA9394 /* Debug */ = {
			isa = XCBuildConfiguration;
			buildSettings = {
				ALWAYS_SEARCH_USER_PATHS = NO;
				CLANG_ANALYZER_NONNULL = YES;
				CLANG_ANALYZER_NUMBER_OBJECT_CONVERSION = YES_AGGRESSIVE;
				CLANG_CXX_LANGUAGE_STANDARD = "gnu++20";
				CLANG_ENABLE_MODULES = YES;
				CLANG_ENABLE_OBJC_ARC = YES;
				CLANG_ENABLE_OBJC_WEAK = YES;
				CLANG_WARN_BLOCK_CAPTURE_AUTORELEASING = YES;
				CLANG_WARN_BOOL_CONVERSION = YES;
				CLANG_WARN_COMMA = YES;
				CLANG_WARN_CONSTANT_CONVERSION = YES;
				CLANG_WARN_DEPRECATED_OBJC_IMPLEMENTATIONS = YES;
				CLANG_WARN_DIRECT_OBJC_ISA_USAGE = YES_ERROR;
				CLANG_WARN_DOCUMENTATION_COMMENTS = YES;
				CLANG_WARN_EMPTY_BODY = YES;
				CLANG_WARN_ENUM_CONVERSION = YES;
				CLANG_WARN_INFINITE_RECURSION = YES;
				CLANG_WARN_INT_CONVERSION = YES;
				CLANG_WARN_NON_LITERAL_NULL_CONVERSION = YES;
				CLANG_WARN_OBJC_IMPLICIT_RETAIN_SELF = YES;
				CLANG_WARN_OBJC_LITERAL_CONVERSION = YES;
				CLANG_WARN_OBJC_ROOT_CLASS = YES_ERROR;
				CLANG_WARN_QUOTED_INCLUDE_IN_FRAMEWORK_HEADER = YES;
				CLANG_WARN_RANGE_LOOP_ANALYSIS = YES;
				CLANG_WARN_STRICT_PROTOTYPES = YES;
				CLANG_WARN_SUSPICIOUS_MOVE = YES;
				CLANG_WARN_UNGUARDED_AVAILABILITY = YES_AGGRESSIVE;
				CLANG_WARN_UNREACHABLE_CODE = YES;
				CLANG_WARN__DUPLICATE_METHOD_MATCH = YES;
				COPY_PHASE_STRIP = NO;
				DEBUG_INFORMATION_FORMAT = dwarf;
				ENABLE_STRICT_OBJC_MSGSEND = YES;
				ENABLE_TESTABILITY = YES;
				GCC_C_LANGUAGE_STANDARD = gnu11;
				GCC_DYNAMIC_NO_PIC = NO;
				GCC_NO_COMMON_BLOCKS = YES;
				GCC_OPTIMIZATION_LEVEL = 0;
				GCC_PREPROCESSOR_DEFINITIONS = (
					"DEBUG=1",
					"$(inherited)",
				);
				GCC_WARN_64_TO_32_BIT_CONVERSION = YES;
				GCC_WARN_ABOUT_RETURN_TYPE = YES_ERROR;
				GCC_WARN_UNDECLARED_SELECTOR = YES;
				GCC_WARN_UNINITIALIZED_AUTOS = YES_AGGRESSIVE;
				GCC_WARN_UNUSED_FUNCTION = YES;
				GCC_WARN_UNUSED_VARIABLE = YES;
				IPHONEOS_DEPLOYMENT_TARGET = 13.0;
				MTL_ENABLE_DEBUG_INFO = INCLUDE_SOURCE;
				MTL_FAST_MATH = YES;
				ONLY_ACTIVE_ARCH = YES;
				SDKROOT = iphoneos;
				SWIFT_ACTIVE_COMPILATION_CONDITIONS = DEBUG;
				SWIFT_OPTIMIZATION_LEVEL = "-Onone";
			};
			name = Debug;
		};
		3214098B2A65178700CA9394 /* Release */ = {
			isa = XCBuildConfiguration;
			buildSettings = {
				ALWAYS_SEARCH_USER_PATHS = NO;
				CLANG_ANALYZER_NONNULL = YES;
				CLANG_ANALYZER_NUMBER_OBJECT_CONVERSION = YES_AGGRESSIVE;
				CLANG_CXX_LANGUAGE_STANDARD = "gnu++20";
				CLANG_ENABLE_MODULES = YES;
				CLANG_ENABLE_OBJC_ARC = YES;
				CLANG_ENABLE_OBJC_WEAK = YES;
				CLANG_WARN_BLOCK_CAPTURE_AUTORELEASING = YES;
				CLANG_WARN_BOOL_CONVERSION = YES;
				CLANG_WARN_COMMA = YES;
				CLANG_WARN_CONSTANT_CONVERSION = YES;
				CLANG_WARN_DEPRECATED_OBJC_IMPLEMENTATIONS = YES;
				CLANG_WARN_DIRECT_OBJC_ISA_USAGE = YES_ERROR;
				CLANG_WARN_DOCUMENTATION_COMMENTS = YES;
				CLANG_WARN_EMPTY_BODY = YES;
				CLANG_WARN_ENUM_CONVERSION = YES;
				CLANG_WARN_INFINITE_RECURSION = YES;
				CLANG_WARN_INT_CONVERSION = YES;
				CLANG_WARN_NON_LITERAL_NULL_CONVERSION = YES;
				CLANG_WARN_OBJC_IMPLICIT_RETAIN_SELF = YES;
				CLANG_WARN_OBJC_LITERAL_CONVERSION = YES;
				CLANG_WARN_OBJC_ROOT_CLASS = YES_ERROR;
				CLANG_WARN_QUOTED_INCLUDE_IN_FRAMEWORK_HEADER = YES;
				CLANG_WARN_RANGE_LOOP_ANALYSIS = YES;
				CLANG_WARN_STRICT_PROTOTYPES = YES;
				CLANG_WARN_SUSPICIOUS_MOVE = YES;
				CLANG_WARN_UNGUARDED_AVAILABILITY = YES_AGGRESSIVE;
				CLANG_WARN_UNREACHABLE_CODE = YES;
				CLANG_WARN__DUPLICATE_METHOD_MATCH = YES;
				COPY_PHASE_STRIP = NO;
				DEBUG_INFORMATION_FORMAT = "dwarf-with-dsym";
				ENABLE_NS_ASSERTIONS = NO;
				ENABLE_STRICT_OBJC_MSGSEND = YES;
				GCC_C_LANGUAGE_STANDARD = gnu11;
				GCC_NO_COMMON_BLOCKS = YES;
				GCC_WARN_64_TO_32_BIT_CONVERSION = YES;
				GCC_WARN_ABOUT_RETURN_TYPE = YES_ERROR;
				GCC_WARN_UNDECLARED_SELECTOR = YES;
				GCC_WARN_UNINITIALIZED_AUTOS = YES_AGGRESSIVE;
				GCC_WARN_UNUSED_FUNCTION = YES;
				GCC_WARN_UNUSED_VARIABLE = YES;
				IPHONEOS_DEPLOYMENT_TARGET = 13.0;
				MTL_ENABLE_DEBUG_INFO = NO;
				MTL_FAST_MATH = YES;
				SDKROOT = iphoneos;
				SWIFT_COMPILATION_MODE = wholemodule;
				SWIFT_OPTIMIZATION_LEVEL = "-O";
				VALIDATE_PRODUCT = YES;
			};
			name = Release;
		};
		3214098D2A65178700CA9394 /* Debug */ = {
			isa = XCBuildConfiguration;
			buildSettings = {
				ASSETCATALOG_COMPILER_APPICON_NAME = AppIcon;
				ASSETCATALOG_COMPILER_GLOBAL_ACCENT_COLOR_NAME = AccentColor;
				CODE_SIGN_STYLE = Automatic;
				CURRENT_PROJECT_VERSION = 1;
				DEVELOPMENT_TEAM = J8647L48BZ;
				GENERATE_INFOPLIST_FILE = YES;
				INFOPLIST_FILE = SkeletoniOS/Info.plist;
				INFOPLIST_KEY_UIApplicationSupportsIndirectInputEvents = YES;
				INFOPLIST_KEY_UILaunchStoryboardName = LaunchScreen;
				INFOPLIST_KEY_UIMainStoryboardFile = Main;
				INFOPLIST_KEY_UISupportedInterfaceOrientations_iPad = "UIInterfaceOrientationPortrait UIInterfaceOrientationPortraitUpsideDown UIInterfaceOrientationLandscapeLeft UIInterfaceOrientationLandscapeRight";
				INFOPLIST_KEY_UISupportedInterfaceOrientations_iPhone = "UIInterfaceOrientationPortrait UIInterfaceOrientationLandscapeLeft UIInterfaceOrientationLandscapeRight";
				LD_RUNPATH_SEARCH_PATHS = (
					"$(inherited)",
					"@executable_path/Frameworks",
				);
				MARKETING_VERSION = 1.0;
				PRODUCT_BUNDLE_IDENTIFIER = kr.co.gpmobile.SkeletoniOS;
				PRODUCT_NAME = "$(TARGET_NAME)";
				SWIFT_EMIT_LOC_STRINGS = YES;
				SWIFT_VERSION = 5.0;
				TARGETED_DEVICE_FAMILY = "1,2";
			};
			name = Debug;
		};
		3214098E2A65178700CA9394 /* Release */ = {
			isa = XCBuildConfiguration;
			buildSettings = {
				ASSETCATALOG_COMPILER_APPICON_NAME = AppIcon;
				ASSETCATALOG_COMPILER_GLOBAL_ACCENT_COLOR_NAME = AccentColor;
				CODE_SIGN_STYLE = Automatic;
				CURRENT_PROJECT_VERSION = 1;
				DEVELOPMENT_TEAM = J8647L48BZ;
				GENERATE_INFOPLIST_FILE = YES;
				INFOPLIST_FILE = SkeletoniOS/Info.plist;
				INFOPLIST_KEY_UIApplicationSupportsIndirectInputEvents = YES;
				INFOPLIST_KEY_UILaunchStoryboardName = LaunchScreen;
				INFOPLIST_KEY_UIMainStoryboardFile = Main;
				INFOPLIST_KEY_UISupportedInterfaceOrientations_iPad = "UIInterfaceOrientationPortrait UIInterfaceOrientationPortraitUpsideDown UIInterfaceOrientationLandscapeLeft UIInterfaceOrientationLandscapeRight";
				INFOPLIST_KEY_UISupportedInterfaceOrientations_iPhone = "UIInterfaceOrientationPortrait UIInterfaceOrientationLandscapeLeft UIInterfaceOrientationLandscapeRight";
				LD_RUNPATH_SEARCH_PATHS = (
					"$(inherited)",
					"@executable_path/Frameworks",
				);
				MARKETING_VERSION = 1.0;
				PRODUCT_BUNDLE_IDENTIFIER = kr.co.gpmobile.SkeletoniOS;
				PRODUCT_NAME = "$(TARGET_NAME)";
				SWIFT_EMIT_LOC_STRINGS = YES;
				SWIFT_VERSION = 5.0;
				TARGETED_DEVICE_FAMILY = "1,2";
			};
			name = Release;
		};
		321409902A65178700CA9394 /* Debug */ = {
			isa = XCBuildConfiguration;
			buildSettings = {
				ALWAYS_EMBED_SWIFT_STANDARD_LIBRARIES = YES;
				BUNDLE_LOADER = "$(TEST_HOST)";
				CODE_SIGN_STYLE = Automatic;
				CURRENT_PROJECT_VERSION = 1;
				DEVELOPMENT_TEAM = J8647L48BZ;
				GENERATE_INFOPLIST_FILE = YES;
				IPHONEOS_DEPLOYMENT_TARGET = 16.4;
				MARKETING_VERSION = 1.0;
				PRODUCT_BUNDLE_IDENTIFIER = kr.co.gpmobile.SkeletoniOSTests;
				PRODUCT_NAME = "$(TARGET_NAME)";
				SWIFT_EMIT_LOC_STRINGS = NO;
				SWIFT_VERSION = 5.0;
				TARGETED_DEVICE_FAMILY = "1,2";
				TEST_HOST = "$(BUILT_PRODUCTS_DIR)/SkeletoniOS.app/$(BUNDLE_EXECUTABLE_FOLDER_PATH)/SkeletoniOS";
			};
			name = Debug;
		};
		321409912A65178700CA9394 /* Release */ = {
			isa = XCBuildConfiguration;
			buildSettings = {
				ALWAYS_EMBED_SWIFT_STANDARD_LIBRARIES = YES;
				BUNDLE_LOADER = "$(TEST_HOST)";
				CODE_SIGN_STYLE = Automatic;
				CURRENT_PROJECT_VERSION = 1;
				DEVELOPMENT_TEAM = J8647L48BZ;
				GENERATE_INFOPLIST_FILE = YES;
				IPHONEOS_DEPLOYMENT_TARGET = 16.4;
				MARKETING_VERSION = 1.0;
				PRODUCT_BUNDLE_IDENTIFIER = kr.co.gpmobile.SkeletoniOSTests;
				PRODUCT_NAME = "$(TARGET_NAME)";
				SWIFT_EMIT_LOC_STRINGS = NO;
				SWIFT_VERSION = 5.0;
				TARGETED_DEVICE_FAMILY = "1,2";
				TEST_HOST = "$(BUILT_PRODUCTS_DIR)/SkeletoniOS.app/$(BUNDLE_EXECUTABLE_FOLDER_PATH)/SkeletoniOS";
			};
			name = Release;
		};
		321409932A65178700CA9394 /* Debug */ = {
			isa = XCBuildConfiguration;
			buildSettings = {
				ALWAYS_EMBED_SWIFT_STANDARD_LIBRARIES = YES;
				CODE_SIGN_STYLE = Automatic;
				CURRENT_PROJECT_VERSION = 1;
				DEVELOPMENT_TEAM = J8647L48BZ;
				GENERATE_INFOPLIST_FILE = YES;
				MARKETING_VERSION = 1.0;
				PRODUCT_BUNDLE_IDENTIFIER = kr.co.gpmobile.SkeletoniOSUITests;
				PRODUCT_NAME = "$(TARGET_NAME)";
				SWIFT_EMIT_LOC_STRINGS = NO;
				SWIFT_VERSION = 5.0;
				TARGETED_DEVICE_FAMILY = "1,2";
				TEST_TARGET_NAME = SkeletoniOS;
			};
			name = Debug;
		};
		321409942A65178700CA9394 /* Release */ = {
			isa = XCBuildConfiguration;
			buildSettings = {
				ALWAYS_EMBED_SWIFT_STANDARD_LIBRARIES = YES;
				CODE_SIGN_STYLE = Automatic;
				CURRENT_PROJECT_VERSION = 1;
				DEVELOPMENT_TEAM = J8647L48BZ;
				GENERATE_INFOPLIST_FILE = YES;
				MARKETING_VERSION = 1.0;
				PRODUCT_BUNDLE_IDENTIFIER = kr.co.gpmobile.SkeletoniOSUITests;
				PRODUCT_NAME = "$(TARGET_NAME)";
				SWIFT_EMIT_LOC_STRINGS = NO;
				SWIFT_VERSION = 5.0;
				TARGETED_DEVICE_FAMILY = "1,2";
				TEST_TARGET_NAME = SkeletoniOS;
			};
			name = Release;
		};
/* End XCBuildConfiguration section */

/* Begin XCConfigurationList section */
		3214095D2A65178500CA9394 /* Build configuration list for PBXProject "SkeletoniOS" */ = {
			isa = XCConfigurationList;
			buildConfigurations = (
				3214098A2A65178700CA9394 /* Debug */,
				3214098B2A65178700CA9394 /* Release */,
			);
			defaultConfigurationIsVisible = 0;
			defaultConfigurationName = Release;
		};
		3214098C2A65178700CA9394 /* Build configuration list for PBXNativeTarget "SkeletoniOS" */ = {
			isa = XCConfigurationList;
			buildConfigurations = (
				3214098D2A65178700CA9394 /* Debug */,
				3214098E2A65178700CA9394 /* Release */,
			);
			defaultConfigurationIsVisible = 0;
			defaultConfigurationName = Release;
		};
		3214098F2A65178700CA9394 /* Build configuration list for PBXNativeTarget "SkeletoniOSTests" */ = {
			isa = XCConfigurationList;
			buildConfigurations = (
				321409902A65178700CA9394 /* Debug */,
				321409912A65178700CA9394 /* Release */,
			);
			defaultConfigurationIsVisible = 0;
			defaultConfigurationName = Release;
		};
		321409922A65178700CA9394 /* Build configuration list for PBXNativeTarget "SkeletoniOSUITests" */ = {
			isa = XCConfigurationList;
			buildConfigurations = (
				321409932A65178700CA9394 /* Debug */,
				321409942A65178700CA9394 /* Release */,
			);
			defaultConfigurationIsVisible = 0;
			defaultConfigurationName = Release;
		};
/* End XCConfigurationList section */
	};
	rootObject = 3214095A2A65178500CA9394 /* Project object */;
}
